
Microsoft Visual Studio Solution File, Format Version 12.00
# Visual Studio Version 17
VisualStudioVersion = 17.4.33403.182
MinimumVisualStudioVersion = 10.0.40219.1
Project("{FAE04EC0-301F-11D3-BF4B-00C04F79EFBC}") = "QuanLyThuVien", "QuanLyThuVien.csproj", "{98F0E0E8-024D-4CA3-A483-9C8C6F4B7A77}"
EndProject
Global
	GlobalSection(SolutionConfigurationPlatforms) = preSolution
		Debug|Any CPU = Debug|Any CPU
		Release|Any CPU = Release|Any CPU
	EndGlobalSection
	GlobalSection(ProjectConfigurationPlatforms) = postSolution
		{98F0E0E8-024D-4CA3-A483-9C8C6F4B7A77}.Debug|Any CPU.ActiveCfg = Debug|Any CPU
		{98F0E0E8-024D-4CA3-A483-9C8C6F4B7A77}.Debug|Any CPU.Build.0 = Debug|Any CPU
		{98F0E0E8-024D-4CA3-A483-9C8C6F4B7A77}.Release|Any CPU.ActiveCfg = Release|Any CPU
		{98F0E0E8-024D-4CA3-A483-9C8C6F4B7A77}.Release|Any CPU.Build.0 = Release|Any CPU
	EndGlobalSection
	GlobalSection(SolutionProperties) = preSolution
		HideSolutionNode = FALSE
	EndGlobalSection
	GlobalSection(ExtensibilityGlobals) = postSolution
		SolutionGuid = {BCAF9A91-12FE-4104-86EE-7F366D6793AE}
	EndGlobalSection
EndGlobal
